
Microsoft Visual Studio Solution File, Format Version 12.00
# Visual Studio Version 17
VisualStudioVersion = 17.9.34607.119
MinimumVisualStudioVersion = 10.0.40219.1
Project("{FAE04EC0-301F-11D3-BF4B-00C04F79EFBC}") = "servicioHotelero", "servicioHotelero\servicioHotelero.csproj", "{27C34B2E-769F-4C22-BB1B-8018242A311E}"
EndProject
Global
	GlobalSection(SolutionConfigurationPlatforms) = preSolution
		Debug|Any CPU = Debug|Any CPU
		Release|Any CPU = Release|Any CPU
	EndGlobalSection
	GlobalSection(ProjectConfigurationPlatforms) = postSolution
		{27C34B2E-769F-4C22-BB1B-8018242A311E}.Debug|Any CPU.ActiveCfg = Debug|Any CPU
		{27C34B2E-769F-4C22-BB1B-8018242A311E}.Debug|Any CPU.Build.0 = Debug|Any CPU
		{27C34B2E-769F-4C22-BB1B-8018242A311E}.Release|Any CPU.ActiveCfg = Release|Any CPU
		{27C34B2E-769F-4C22-BB1B-8018242A311E}.Release|Any CPU.Build.0 = Release|Any CPU
	EndGlobalSection
	GlobalSection(SolutionProperties) = preSolution
		HideSolutionNode = FALSE
	EndGlobalSection
	GlobalSection(ExtensibilityGlobals) = postSolution
		SolutionGuid = {778B9338-2CF0-4629-B9A5-CD68097BB61D}
	EndGlobalSection
EndGlobal
